
Microsoft Visual Studio Solution File, Format Version 12.00
# Visual Studio Version 16
VisualStudioVersion = 16.0.29613.14
MinimumVisualStudioVersion = 10.0.40219.1
Project("{9A19103F-16F7-4668-BE54-9A1E7A4F7556}") = "EDzController", "EDzController.csproj", "{75D6FC92-85AD-4DF8-9CD1-E8A8B7680271}"
EndProject
Project("{FAE04EC0-301F-11D3-BF4B-00C04F79EFBC}") = "EDzController.Tests", "..\EDzController.Tests\EDzController.Tests.csproj", "{A7370529-1340-4C86-AB27-347322E8DFDC}"
EndProject
Global
	GlobalSection(SolutionConfigurationPlatforms) = preSolution
		Debug|Any CPU = Debug|Any CPU
		Release|Any CPU = Release|Any CPU
	EndGlobalSection
	GlobalSection(ProjectConfigurationPlatforms) = postSolution
		{75D6FC92-85AD-4DF8-9CD1-E8A8B7680271}.Debug|Any CPU.ActiveCfg = Debug|Any CPU
		{75D6FC92-85AD-4DF8-9CD1-E8A8B7680271}.Debug|Any CPU.Build.0 = Debug|Any CPU
		{75D6FC92-85AD-4DF8-9CD1-E8A8B7680271}.Release|Any CPU.ActiveCfg = Release|Any CPU
		{75D6FC92-85AD-4DF8-9CD1-E8A8B7680271}.Release|Any CPU.Build.0 = Release|Any CPU
		{A7370529-1340-4C86-AB27-347322E8DFDC}.Debug|Any CPU.ActiveCfg = Debug|Any CPU
		{A7370529-1340-4C86-AB27-347322E8DFDC}.Debug|Any CPU.Build.0 = Debug|Any CPU
		{A7370529-1340-4C86-AB27-347322E8DFDC}.Release|Any CPU.ActiveCfg = Release|Any CPU
		{A7370529-1340-4C86-AB27-347322E8DFDC}.Release|Any CPU.Build.0 = Release|Any CPU
	EndGlobalSection
	GlobalSection(SolutionProperties) = preSolution
		HideSolutionNode = FALSE
	EndGlobalSection
	GlobalSection(ExtensibilityGlobals) = postSolution
		SolutionGuid = {27E87E11-216F-4528-8B79-C5DA91D845D7}
	EndGlobalSection
EndGlobal
